
Microsoft Visual Studio Solution File, Format Version 12.00
# Visual Studio Version 17
VisualStudioVersion = 17.3.32811.315
MinimumVisualStudioVersion = 10.0.40219.1
Project("{FAE04EC0-301F-11D3-BF4B-00C04F79EFBC}") = "LibraryManagementSystem", "LibraryManagementSystem\LibraryManagementSystem.csproj", "{7058D436-8386-4C56-BA19-DC0E04D019F2}"
EndProject
Global
	GlobalSection(SolutionConfigurationPlatforms) = preSolution
		Debug|Any CPU = Debug|Any CPU
		Release|Any CPU = Release|Any CPU
	EndGlobalSection
	GlobalSection(ProjectConfigurationPlatforms) = postSolution
		{7058D436-8386-4C56-BA19-DC0E04D019F2}.Debug|Any CPU.ActiveCfg = Debug|Any CPU
		{7058D436-8386-4C56-BA19-DC0E04D019F2}.Debug|Any CPU.Build.0 = Debug|Any CPU
		{7058D436-8386-4C56-BA19-DC0E04D019F2}.Release|Any CPU.ActiveCfg = Release|Any CPU
		{7058D436-8386-4C56-BA19-DC0E04D019F2}.Release|Any CPU.Build.0 = Release|Any CPU
	EndGlobalSection
	GlobalSection(SolutionProperties) = preSolution
		HideSolutionNode = FALSE
	EndGlobalSection
	GlobalSection(ExtensibilityGlobals) = postSolution
		SolutionGuid = {736C2DFB-7354-4785-96BE-B366A5315510}
	EndGlobalSection
EndGlobal
